// !$*UTF8*$!
{
	archiveVersion = 1;
	classes = {
	};
	objectVersion = 77;
	objects = {

/* Begin PBXBuildFile section */
		03C0A3BD616BADC5C4196198 /* CarThumbnail.swift in Sources */ = {isa = PBXBuildFile; fileRef = 62668BEB78518BCBAF88B206 /* CarThumbnail.swift */; };
		0756C9A688A6D051DC8D7BFE /* assets in Resources */ = {isa = PBXBuildFile; fileRef = F9501316960D05C98C75720A /* assets */; };
		08680EF13E8023F2C613969A /* QRCode.swift in Sources */ = {isa = PBXBuildFile; fileRef = E6E909D85FD394ACE40CD5F1 /* QRCode.swift */; };
		09A01C10C420506352811DE2 /* MetalKit.framework in Frameworks */ = {isa = PBXBuildFile; fileRef = 08CCE5A44DCD2F3372039786 /* MetalKit.framework */; };
		0BE9038C8E74610791E31E1E /* CueBank.swift in Sources */ = {isa = PBXBuildFile; fileRef = 5385D51AD6F0ACC79095FB2D /* CueBank.swift */; };
		0ED86956FCA8C07023BE009B /* ShotTests.swift in Sources */ = {isa = PBXBuildFile; fileRef = 59FCD3C5FCD34F7119B2744A /* ShotTests.swift */; };
		13BB6A75F7E7AED3C2CA0E24 /* GameCoordinator.swift in Sources */ = {isa = PBXBuildFile; fileRef = CBB8B43D2C1F0EBC4F46E123 /* GameCoordinator.swift */; };
		18634A583D4A786DC0A23B05 /* RaceHUDView.swift in Sources */ = {isa = PBXBuildFile; fileRef = 8EA14F20E0C6AF2FD3CE5CD9 /* RaceHUDView.swift */; };
		1A9BEEC0997D91D9DB824961 /* libktxreader.xcframework in Frameworks */ = {isa = PBXBuildFile; fileRef = 8FF9E02F8C3611F12FFC39AD /* libktxreader.xcframework */; };
		1F756013E6FD1726BD5AD675 /* RaceFlowPerformer.swift in Sources */ = {isa = PBXBuildFile; fileRef = F99D796F2A81222139EB1350 /* RaceFlowPerformer.swift */; };
		1FAEFC5EEE15743ED8692E2F /* Nunito-ExtraBold.ttf in Resources */ = {isa = PBXBuildFile; fileRef = D4319234AFF28DA628249C8F /* Nunito-ExtraBold.ttf */; };
		255C84E929124AA7DF730B59 /* libbasis_transcoder.xcframework in Frameworks */ = {isa = PBXBuildFile; fileRef = DFCE35222A4B98E7585396C0 /* libbasis_transcoder.xcframework */; };
		2882A9D6F963292D06E55058 /* Schematic.swift in Sources */ = {isa = PBXBuildFile; fileRef = F1E4CB8A5FA02B3789236183 /* Schematic.swift */; };
		28F68D2F6FC47DFA93DE8024 /* QuartzCore.framework in Frameworks */ = {isa = PBXBuildFile; fileRef = 72351EA2029617350BE674EC /* QuartzCore.framework */; };
		29ABAB8ECA92B94D854366CA /* Fonts.swift in Sources */ = {isa = PBXBuildFile; fileRef = 4C3DDFEE0EAA4397FEB0EF93 /* Fonts.swift */; };
		2B6008027354379F38FDDD60 /* libmikktspace.xcframework in Frameworks */ = {isa = PBXBuildFile; fileRef = CEA9A9DA1EDC8A99CD255DAE /* libmikktspace.xcframework */; };
		2D706F0E27B7CDB37585DE34 /* CoreGraphics.framework in Frameworks */ = {isa = PBXBuildFile; fileRef = 7D44A7BA51A3DE9D9F0FF0D9 /* CoreGraphics.framework */; };
		2F3131FB7B0797DE9C8128E2 /* libbackend.xcframework in Frameworks */ = {isa = PBXBuildFile; fileRef = 4781636FB34DF5612C02CB03 /* libbackend.xcframework */; };
		302DD2662AD85408A06441C5 /* libimage.xcframework in Frameworks */ = {isa = PBXBuildFile; fileRef = DC6BA8A81913B4A64731104E /* libimage.xcframework */; };
		3711A88D7F24C41718CE8D92 /* ShotScenarios.swift in Sources */ = {isa = PBXBuildFile; fileRef = FE8BC86D89B5659B9C80DCB6 /* ShotScenarios.swift */; };
		3B786B17D284801F72AAB0C6 /* Nunito-Bold.ttf in Resources */ = {isa = PBXBuildFile; fileRef = C1CBD5A97781AE90127D538D /* Nunito-Bold.ttf */; };
		3C27CA4F5B1ABE8C88947155 /* libcamutils.xcframework in Frameworks */ = {isa = PBXBuildFile; fileRef = 4942DEF46820E2B51B3C9DBC /* libcamutils.xcframework */; };
		3DED239F70EE212FA3751A33 /* Protocol.swift in Sources */ = {isa = PBXBuildFile; fileRef = ACC2CD1AD17C465B4B241DE2 /* Protocol.swift */; };
		3F87125F01F409577095D045 /* libgltfio_core.xcframework in Frameworks */ = {isa = PBXBuildFile; fileRef = 8065BC4B817C1B51D06B3755 /* libgltfio_core.xcframework */; };
		406AB95C279AA8202A5DD10E /* libfilament.xcframework in Frameworks */ = {isa = PBXBuildFile; fileRef = E8D31FDEF20DDEF118AFB3C3 /* libfilament.xcframework */; };
		437DCF873196EF3B608A2BDF /* libuberzlib.xcframework in Frameworks */ = {isa = PBXBuildFile; fileRef = EF8EFF1A895ED6556F02FFC2 /* libuberzlib.xcframework */; };
		459C9FA15E427D2AAB3BC809 /* Nunito-ExtraLight.ttf in Resources */ = {isa = PBXBuildFile; fileRef = C23251F7FBA3AA3DC06F5D54 /* Nunito-ExtraLight.ttf */; };
		47798D1FF4B36D49E71EE05A /* CoreVideo.framework in Frameworks */ = {isa = PBXBuildFile; fileRef = CFE03FA1D0AFB3CC7ED2D52C /* CoreVideo.framework */; };
		4A0FC6CCB5CC284B282B6B09 /* LobbyDemo.swift in Sources */ = {isa = PBXBuildFile; fileRef = 17E04F93D962C11809F93BF9 /* LobbyDemo.swift */; };
		4DAE8CFE8478C3B53DC32D61 /* Foundation.framework in Frameworks */ = {isa = PBXBuildFile; fileRef = 17871737B8E831B94CC5434C /* Foundation.framework */; };
		4E1185B5F3DE52FC1A0EC1DE /* libsmol-v.xcframework in Frameworks */ = {isa = PBXBuildFile; fileRef = 2A051BF5F54A27B3BCAF5A5C /* libsmol-v.xcframework */; };
		5453F894888D9CB70B747F3E /* ResultsView.swift in Sources */ = {isa = PBXBuildFile; fileRef = 9EA4AB2EB228389A6CE89D60 /* ResultsView.swift */; };
		5875E6D8F6E8653FF22E5AF3 /* Fredoka-Bold.ttf in Resources */ = {isa = PBXBuildFile; fileRef = B7A19301481BA7EE2AE7481F /* Fredoka-Bold.ttf */; };
		5B07712DA6690EDD913DF539 /* PartyNet.swift in Sources */ = {isa = PBXBuildFile; fileRef = A3858389B3DC67BEBF46137E /* PartyNet.swift */; };
		5DC7B2488D90FB71097362A8 /* SceneStaging.swift in Sources */ = {isa = PBXBuildFile; fileRef = 2C315FBABA4B17EE3476082A /* SceneStaging.swift */; };
		5EDF821688B32E95F81E64E2 /* Scenarios.swift in Sources */ = {isa = PBXBuildFile; fileRef = 923C582DCA075D0516A80A7A /* Scenarios.swift */; };
		5EEA332991538295D39A2C31 /* DisplayHost.swift in Sources */ = {isa = PBXBuildFile; fileRef = F3547840093C6E7485D00C3A /* DisplayHost.swift */; };
		6451EE4E2D4F6DD224C96338 /* Sticker.swift in Sources */ = {isa = PBXBuildFile; fileRef = BE2BCB6A4D8A2A6848ECC3D4 /* Sticker.swift */; };
		65B231799DB25AC8FC434B71 /* CountdownView.swift in Sources */ = {isa = PBXBuildFile; fileRef = F774821132A861AFF6FB6046 /* CountdownView.swift */; };
		6AF2EA78E40FABD4DD83F6B9 /* libstb.xcframework in Frameworks */ = {isa = PBXBuildFile; fileRef = C3D3BE63D55BB1697D1E3A6B /* libstb.xcframework */; };
		74E4DF09CB1968C1408BF138 /* libgeometry.xcframework in Frameworks */ = {isa = PBXBuildFile; fileRef = C279C6E61187034AB0FFB2A1 /* libgeometry.xcframework */; };
		778214F05DBA966380010B56 /* Metal.framework in Frameworks */ = {isa = PBXBuildFile; fileRef = B3D3259404912125A7E03EDB /* Metal.framework */; };
		7804A68523B991D95DC0B314 /* libzstd.xcframework in Frameworks */ = {isa = PBXBuildFile; fileRef = AB114CC66611A35312BE4582 /* libzstd.xcframework */; };
		7A592B69432FA9F10E032F4E /* libuberarchive.xcframework in Frameworks */ = {isa = PBXBuildFile; fileRef = 237D646C6B3CDEECC92470B1 /* libuberarchive.xcframework */; };
		7BB89A7F8CFE914B593A4234 /* libmeshoptimizer.xcframework in Frameworks */ = {isa = PBXBuildFile; fileRef = 8D8DAC2A769F21626768745B /* libmeshoptimizer.xcframework */; };
		841296F203069C2217EAF96D /* Nunito-Light.ttf in Resources */ = {isa = PBXBuildFile; fileRef = 74EF414977C1F0C3B596E3F4 /* Nunito-Light.ttf */; };
		8464787A482FBE41C7731310 /* RootView.swift in Sources */ = {isa = PBXBuildFile; fileRef = 7A8A0DF9BF4F1F4E9081490A /* RootView.swift */; };
		85BF7ED4585B81529937E3F5 /* libfilabridge.xcframework in Frameworks */ = {isa = PBXBuildFile; fileRef = 6EDEE4570F3BAFA8BA6DE642 /* libfilabridge.xcframework */; };
		89F964B56836849187FACBEB /* PerfOverlay.swift in Sources */ = {isa = PBXBuildFile; fileRef = B477556CC3321EC17A16BED1 /* PerfOverlay.swift */; };
		8D3B3DD40E297101724459B3 /* GameState.swift in Sources */ = {isa = PBXBuildFile; fileRef = ED7FA81E6748B519540889FA /* GameState.swift */; };
		91DB8F37B9E11B78F570F866 /* libdracodec.xcframework in Frameworks */ = {isa = PBXBuildFile; fileRef = 0D06716AD960B021A2C84A81 /* libdracodec.xcframework */; };
		97EBC122ECDDBFCCC52C43F2 /* Tokens.swift in Sources */ = {isa = PBXBuildFile; fileRef = D6B4FD9D0E70863E08F4EF33 /* Tokens.swift */; };
		99D44EA6FCB4987DC7BAB4E8 /* AudioDevice.swift in Sources */ = {isa = PBXBuildFile; fileRef = ABB83516388083CF2FB94B13 /* AudioDevice.swift */; };
		9EA16B83608797F6A908ED13 /* GameCoordinator+Net.swift in Sources */ = {isa = PBXBuildFile; fileRef = 6E14910378F0BC1843AC388D /* GameCoordinator+Net.swift */; };
		9F422BAA99658D22387236E3 /* GameCoordinator+Lobby.swift in Sources */ = {isa = PBXBuildFile; fileRef = FEA3C072A16E94A9A74F2C4D /* GameCoordinator+Lobby.swift */; };
		9F7B1209D54A81FD22C79E5E /* OFL-Fredoka.txt in Resources */ = {isa = PBXBuildFile; fileRef = C9FB225D979C378C8A27A2B4 /* OFL-Fredoka.txt */; };
		AC038A72183A85E6D4358819 /* Fredoka-Light.ttf in Resources */ = {isa = PBXBuildFile; fileRef = DCDE8EEE3590B5CC39C23AD0 /* Fredoka-Light.ttf */; };
		B24BD528B4C54CAE2505D94B /* TTP.swift in Sources */ = {isa = PBXBuildFile; fileRef = 8CF661EC581FDCAB33596193 /* TTP.swift */; };
		B69F596FCE4AB39A24CCC1E2 /* CoreImage.framework in Frameworks */ = {isa = PBXBuildFile; fileRef = 5A81E100E7C3ABEAA0A0EFC2 /* CoreImage.framework */; };
		BDED7D674087B83DE4197B09 /* AVFoundation.framework in Frameworks */ = {isa = PBXBuildFile; fileRef = 3E3E7A39030508788188EC24 /* AVFoundation.framework */; };
		C2D0DC0EBE93DE2087C7122C /* libfilaflat.xcframework in Frameworks */ = {isa = PBXBuildFile; fileRef = 0EF44DF212AE4BEC9CB1E5D8 /* libfilaflat.xcframework */; };
		C5E92FFA87A7C5429475EA01 /* libutils.xcframework in Frameworks */ = {isa = PBXBuildFile; fileRef = 6A34BC774AA71B1E6F03DEF3 /* libutils.xcframework */; };
		C87546D742370928E73CC32F /* libabseil.xcframework in Frameworks */ = {isa = PBXBuildFile; fileRef = ACE904A9DC8952C412DE0694 /* libabseil.xcframework */; };
		C94C8215888B385636F4143C /* Nunito-SemiBold.ttf in Resources */ = {isa = PBXBuildFile; fileRef = 2260BFA21437AC5C076E4136 /* Nunito-SemiBold.ttf */; };
		D25684B45CA273C4C45B8CBC /* LobbyView.swift in Sources */ = {isa = PBXBuildFile; fileRef = E5C0F2A76304CA52CBF196B4 /* LobbyView.swift */; };
		D45885D4BC0F7F1CFB0F0C4C /* RelaySocket.swift in Sources */ = {isa = PBXBuildFile; fileRef = 59D30553E60486D20CD0F351 /* RelaySocket.swift */; };
		D725A57A7CEA9EB70CAF0EC6 /* UIKit.framework in Frameworks */ = {isa = PBXBuildFile; fileRef = C74EB029BBBA2C7F872653D6 /* UIKit.framework */; };
		E39F2062757851318AAF82EE /* Copy.swift in Sources */ = {isa = PBXBuildFile; fileRef = 5E043EBBCB374C4E68264452 /* Copy.swift */; };
		EA6207CD898231203907CCA7 /* MetalHostView.swift in Sources */ = {isa = PBXBuildFile; fileRef = 93F14E8E5C05ECBBC4CF95ED /* MetalHostView.swift */; };
		ECFA31BE883E339ACA77BAF1 /* libibl.xcframework in Frameworks */ = {isa = PBXBuildFile; fileRef = 57C71867AE2262EFD350BC56 /* libibl.xcframework */; };
		EE79AA1A90D08839C03D2053 /* AssetStore.swift in Sources */ = {isa = PBXBuildFile; fileRef = CC134C4218442BC4727C8A7B /* AssetStore.swift */; };
		F99E831E4A0B2F1CD9A47F0A /* Fredoka-SemiBold.ttf in Resources */ = {isa = PBXBuildFile; fileRef = 044F96A63F564C4AF5C25F0E /* Fredoka-SemiBold.ttf */; };
		FC396C30E3A9B5BC252A9437 /* GameCoordinator+Race.swift in Sources */ = {isa = PBXBuildFile; fileRef = CE9402C80648CCFB361F75BC /* GameCoordinator+Race.swift */; };
		FC5BFB36108C2BBE22A48FEF /* OFL-Nunito.txt in Resources */ = {isa = PBXBuildFile; fileRef = 547F913C1A67AB79920C7978 /* OFL-Nunito.txt */; };
/* End PBXBuildFile section */

/* Begin PBXContainerItemProxy section */
		93D61CF53AC2982F64E36920 /* PBXContainerItemProxy */ = {
			isa = PBXContainerItemProxy;
			containerPortal = 1C4C5B9C22EFEB6F95A4308F /* Project object */;
			proxyType = 1;
			remoteGlobalIDString = 6355D6A26432746EDEC2700A;
			remoteInfo = TinyTrackParty;
		};
/* End PBXContainerItemProxy section */

/* Begin PBXFileReference section */
		044F96A63F564C4AF5C25F0E /* Fredoka-SemiBold.ttf */ = {isa = PBXFileReference; lastKnownFileType = file; path = "Fredoka-SemiBold.ttf"; sourceTree = "<group>"; };
		08CCE5A44DCD2F3372039786 /* MetalKit.framework */ = {isa = PBXFileReference; lastKnownFileType = wrapper.framework; name = MetalKit.framework; path = System/Library/Frameworks/MetalKit.framework; sourceTree = SDKROOT; };
		0D06716AD960B021A2C84A81 /* libdracodec.xcframework */ = {isa = PBXFileReference; lastKnownFileType = wrapper.xcframework; name = libdracodec.xcframework; path = "../../../../../../Projects/filament/out/tvos-release/filament/lib/libdracodec.xcframework"; sourceTree = "<group>"; };
		0EF44DF212AE4BEC9CB1E5D8 /* libfilaflat.xcframework */ = {isa = PBXFileReference; lastKnownFileType = wrapper.xcframework; name = libfilaflat.xcframework; path = "../../../../../../Projects/filament/out/tvos-release/filament/lib/libfilaflat.xcframework"; sourceTree = "<group>"; };
		17871737B8E831B94CC5434C /* Foundation.framework */ = {isa = PBXFileReference; lastKnownFileType = wrapper.framework; name = Foundation.framework; path = System/Library/Frameworks/Foundation.framework; sourceTree = SDKROOT; };
		17E04F93D962C11809F93BF9 /* LobbyDemo.swift */ = {isa = PBXFileReference; lastKnownFileType = sourcecode.swift; path = LobbyDemo.swift; sourceTree = "<group>"; };
		2260BFA21437AC5C076E4136 /* Nunito-SemiBold.ttf */ = {isa = PBXFileReference; lastKnownFileType = file; path = "Nunito-SemiBold.ttf"; sourceTree = "<group>"; };
		237D646C6B3CDEECC92470B1 /* libuberarchive.xcframework */ = {isa = PBXFileReference; lastKnownFileType = wrapper.xcframework; name = libuberarchive.xcframework; path = "../../../../../../Projects/filament/out/tvos-release/filament/lib/libuberarchive.xcframework"; sourceTree = "<group>"; };
		2A051BF5F54A27B3BCAF5A5C /* libsmol-v.xcframework */ = {isa = PBXFileReference; lastKnownFileType = wrapper.xcframework; name = "libsmol-v.xcframework"; path = "../../../../../../Projects/filament/out/tvos-release/filament/lib/libsmol-v.xcframework"; sourceTree = "<group>"; };
		2C315FBABA4B17EE3476082A /* SceneStaging.swift */ = {isa = PBXFileReference; lastKnownFileType = sourcecode.swift; path = SceneStaging.swift; sourceTree = "<group>"; };
		3E3E7A39030508788188EC24 /* AVFoundation.framework */ = {isa = PBXFileReference; lastKnownFileType = wrapper.framework; name = AVFoundation.framework; path = System/Library/Frameworks/AVFoundation.framework; sourceTree = SDKROOT; };
		4781636FB34DF5612C02CB03 /* libbackend.xcframework */ = {isa = PBXFileReference; lastKnownFileType = wrapper.xcframework; name = libbackend.xcframework; path = "../../../../../../Projects/filament/out/tvos-release/filament/lib/libbackend.xcframework"; sourceTree = "<group>"; };
		4942DEF46820E2B51B3C9DBC /* libcamutils.xcframework */ = {isa = PBXFileReference; lastKnownFileType = wrapper.xcframework; name = libcamutils.xcframework; path = "../../../../../../Projects/filament/out/tvos-release/filament/lib/libcamutils.xcframework"; sourceTree = "<group>"; };
		4C3DDFEE0EAA4397FEB0EF93 /* Fonts.swift */ = {isa = PBXFileReference; lastKnownFileType = sourcecode.swift; path = Fonts.swift; sourceTree = "<group>"; };
		5385D51AD6F0ACC79095FB2D /* CueBank.swift */ = {isa = PBXFileReference; lastKnownFileType = sourcecode.swift; path = CueBank.swift; sourceTree = "<group>"; };
		547F913C1A67AB79920C7978 /* OFL-Nunito.txt */ = {isa = PBXFileReference; lastKnownFileType = text; path = "OFL-Nunito.txt"; sourceTree = "<group>"; };
		57C71867AE2262EFD350BC56 /* libibl.xcframework */ = {isa = PBXFileReference; lastKnownFileType = wrapper.xcframework; name = libibl.xcframework; path = "../../../../../../Projects/filament/out/tvos-release/filament/lib/libibl.xcframework"; sourceTree = "<group>"; };
		59D30553E60486D20CD0F351 /* RelaySocket.swift */ = {isa = PBXFileReference; lastKnownFileType = sourcecode.swift; path = RelaySocket.swift; sourceTree = "<group>"; };
		59FCD3C5FCD34F7119B2744A /* ShotTests.swift */ = {isa = PBXFileReference; lastKnownFileType = sourcecode.swift; path = ShotTests.swift; sourceTree = "<group>"; };
		5A81E100E7C3ABEAA0A0EFC2 /* CoreImage.framework */ = {isa = PBXFileReference; lastKnownFileType = wrapper.framework; name = CoreImage.framework; path = System/Library/Frameworks/CoreImage.framework; sourceTree = SDKROOT; };
		5E043EBBCB374C4E68264452 /* Copy.swift */ = {isa = PBXFileReference; lastKnownFileType = sourcecode.swift; path = Copy.swift; sourceTree = "<group>"; };
		62668BEB78518BCBAF88B206 /* CarThumbnail.swift */ = {isa = PBXFileReference; lastKnownFileType = sourcecode.swift; path = CarThumbnail.swift; sourceTree = "<group>"; };
		6A34BC774AA71B1E6F03DEF3 /* libutils.xcframework */ = {isa = PBXFileReference; lastKnownFileType = wrapper.xcframework; name = libutils.xcframework; path = "../../../../../../Projects/filament/out/tvos-release/filament/lib/libutils.xcframework"; sourceTree = "<group>"; };
		6E14910378F0BC1843AC388D /* GameCoordinator+Net.swift */ = {isa = PBXFileReference; lastKnownFileType = sourcecode.swift; path = "GameCoordinator+Net.swift"; sourceTree = "<group>"; };
		6EDEE4570F3BAFA8BA6DE642 /* libfilabridge.xcframework */ = {isa = PBXFileReference; lastKnownFileType = wrapper.xcframework; name = libfilabridge.xcframework; path = "../../../../../../Projects/filament/out/tvos-release/filament/lib/libfilabridge.xcframework"; sourceTree = "<group>"; };
		72351EA2029617350BE674EC /* QuartzCore.framework */ = {isa = PBXFileReference; lastKnownFileType = wrapper.framework; name = QuartzCore.framework; path = System/Library/Frameworks/QuartzCore.framework; sourceTree = SDKROOT; };
		74EF414977C1F0C3B596E3F4 /* Nunito-Light.ttf */ = {isa = PBXFileReference; lastKnownFileType = file; path = "Nunito-Light.ttf"; sourceTree = "<group>"; };
		796440C461789EB5680ACF7E /* TinyTrackPartyShots.xctest */ = {isa = PBXFileReference; includeInIndex = 0; lastKnownFileType = wrapper.cfbundle; path = TinyTrackPartyShots.xctest; sourceTree = BUILT_PRODUCTS_DIR; };
		7A8A0DF9BF4F1F4E9081490A /* RootView.swift */ = {isa = PBXFileReference; lastKnownFileType = sourcecode.swift; path = RootView.swift; sourceTree = "<group>"; };
		7D44A7BA51A3DE9D9F0FF0D9 /* CoreGraphics.framework */ = {isa = PBXFileReference; lastKnownFileType = wrapper.framework; name = CoreGraphics.framework; path = System/Library/Frameworks/CoreGraphics.framework; sourceTree = SDKROOT; };
		8065BC4B817C1B51D06B3755 /* libgltfio_core.xcframework */ = {isa = PBXFileReference; lastKnownFileType = wrapper.xcframework; name = libgltfio_core.xcframework; path = "../../../../../../Projects/filament/out/tvos-release/filament/lib/libgltfio_core.xcframework"; sourceTree = "<group>"; };
		8CF661EC581FDCAB33596193 /* TTP.swift */ = {isa = PBXFileReference; lastKnownFileType = sourcecode.swift; path = TTP.swift; sourceTree = "<group>"; };
		8D8DAC2A769F21626768745B /* libmeshoptimizer.xcframework */ = {isa = PBXFileReference; lastKnownFileType = wrapper.xcframework; name = libmeshoptimizer.xcframework; path = "../../../../../../Projects/filament/out/tvos-release/filament/lib/libmeshoptimizer.xcframework"; sourceTree = "<group>"; };
		8EA14F20E0C6AF2FD3CE5CD9 /* RaceHUDView.swift */ = {isa = PBXFileReference; lastKnownFileType = sourcecode.swift; path = RaceHUDView.swift; sourceTree = "<group>"; };
		8FF9E02F8C3611F12FFC39AD /* libktxreader.xcframework */ = {isa = PBXFileReference; lastKnownFileType = wrapper.xcframework; name = libktxreader.xcframework; path = "../../../../../../Projects/filament/out/tvos-release/filament/lib/libktxreader.xcframework"; sourceTree = "<group>"; };
		923C582DCA075D0516A80A7A /* Scenarios.swift */ = {isa = PBXFileReference; lastKnownFileType = sourcecode.swift; path = Scenarios.swift; sourceTree = "<group>"; };
		93F14E8E5C05ECBBC4CF95ED /* MetalHostView.swift */ = {isa = PBXFileReference; lastKnownFileType = sourcecode.swift; path = MetalHostView.swift; sourceTree = "<group>"; };
		98148FC69682F5204756AC98 /* TinyTrackParty-Bridging-Header.h */ = {isa = PBXFileReference; lastKnownFileType = sourcecode.c.h; path = "TinyTrackParty-Bridging-Header.h"; sourceTree = "<group>"; };
		9EA4AB2EB228389A6CE89D60 /* ResultsView.swift */ = {isa = PBXFileReference; lastKnownFileType = sourcecode.swift; path = ResultsView.swift; sourceTree = "<group>"; };
		A08176C90AB082CFB12F9E53 /* Info.plist */ = {isa = PBXFileReference; lastKnownFileType = text.plist; path = Info.plist; sourceTree = "<group>"; };
		A3858389B3DC67BEBF46137E /* PartyNet.swift */ = {isa = PBXFileReference; lastKnownFileType = sourcecode.swift; path = PartyNet.swift; sourceTree = "<group>"; };
		AB114CC66611A35312BE4582 /* libzstd.xcframework */ = {isa = PBXFileReference; lastKnownFileType = wrapper.xcframework; name = libzstd.xcframework; path = "../../../../../../Projects/filament/out/tvos-release/filament/lib/libzstd.xcframework"; sourceTree = "<group>"; };
		ABB83516388083CF2FB94B13 /* AudioDevice.swift */ = {isa = PBXFileReference; lastKnownFileType = sourcecode.swift; path = AudioDevice.swift; sourceTree = "<group>"; };
		ACC2CD1AD17C465B4B241DE2 /* Protocol.swift */ = {isa = PBXFileReference; lastKnownFileType = sourcecode.swift; path = Protocol.swift; sourceTree = "<group>"; };
		ACE904A9DC8952C412DE0694 /* libabseil.xcframework */ = {isa = PBXFileReference; lastKnownFileType = wrapper.xcframework; name = libabseil.xcframework; path = "../../../../../../Projects/filament/out/tvos-release/filament/lib/libabseil.xcframework"; sourceTree = "<group>"; };
		B3D3259404912125A7E03EDB /* Metal.framework */ = {isa = PBXFileReference; lastKnownFileType = wrapper.framework; name = Metal.framework; path = System/Library/Frameworks/Metal.framework; sourceTree = SDKROOT; };
		B477556CC3321EC17A16BED1 /* PerfOverlay.swift */ = {isa = PBXFileReference; lastKnownFileType = sourcecode.swift; path = PerfOverlay.swift; sourceTree = "<group>"; };
		B7A19301481BA7EE2AE7481F /* Fredoka-Bold.ttf */ = {isa = PBXFileReference; lastKnownFileType = file; path = "Fredoka-Bold.ttf"; sourceTree = "<group>"; };
		BE2BCB6A4D8A2A6848ECC3D4 /* Sticker.swift */ = {isa = PBXFileReference; lastKnownFileType = sourcecode.swift; path = Sticker.swift; sourceTree = "<group>"; };
		C1CBD5A97781AE90127D538D /* Nunito-Bold.ttf */ = {isa = PBXFileReference; lastKnownFileType = file; path = "Nunito-Bold.ttf"; sourceTree = "<group>"; };
		C23251F7FBA3AA3DC06F5D54 /* Nunito-ExtraLight.ttf */ = {isa = PBXFileReference; lastKnownFileType = file; path = "Nunito-ExtraLight.ttf"; sourceTree = "<group>"; };
		C279C6E61187034AB0FFB2A1 /* libgeometry.xcframework */ = {isa = PBXFileReference; lastKnownFileType = wrapper.xcframework; name = libgeometry.xcframework; path = "../../../../../../Projects/filament/out/tvos-release/filament/lib/libgeometry.xcframework"; sourceTree = "<group>"; };
		C3D3BE63D55BB1697D1E3A6B /* libstb.xcframework */ = {isa = PBXFileReference; lastKnownFileType = wrapper.xcframework; name = libstb.xcframework; path = "../../../../../../Projects/filament/out/tvos-release/filament/lib/libstb.xcframework"; sourceTree = "<group>"; };
		C74EB029BBBA2C7F872653D6 /* UIKit.framework */ = {isa = PBXFileReference; lastKnownFileType = wrapper.framework; name = UIKit.framework; path = System/Library/Frameworks/UIKit.framework; sourceTree = SDKROOT; };
		C9FB225D979C378C8A27A2B4 /* OFL-Fredoka.txt */ = {isa = PBXFileReference; lastKnownFileType = text; path = "OFL-Fredoka.txt"; sourceTree = "<group>"; };
		CBB8B43D2C1F0EBC4F46E123 /* GameCoordinator.swift */ = {isa = PBXFileReference; lastKnownFileType = sourcecode.swift; path = GameCoordinator.swift; sourceTree = "<group>"; };
		CC134C4218442BC4727C8A7B /* AssetStore.swift */ = {isa = PBXFileReference; lastKnownFileType = sourcecode.swift; path = AssetStore.swift; sourceTree = "<group>"; };
		CE9402C80648CCFB361F75BC /* GameCoordinator+Race.swift */ = {isa = PBXFileReference; lastKnownFileType = sourcecode.swift; path = "GameCoordinator+Race.swift"; sourceTree = "<group>"; };
		CEA9A9DA1EDC8A99CD255DAE /* libmikktspace.xcframework */ = {isa = PBXFileReference; lastKnownFileType = wrapper.xcframework; name = libmikktspace.xcframework; path = "../../../../../../Projects/filament/out/tvos-release/filament/lib/libmikktspace.xcframework"; sourceTree = "<group>"; };
		CFE03FA1D0AFB3CC7ED2D52C /* CoreVideo.framework */ = {isa = PBXFileReference; lastKnownFileType = wrapper.framework; name = CoreVideo.framework; path = System/Library/Frameworks/CoreVideo.framework; sourceTree = SDKROOT; };
		D4319234AFF28DA628249C8F /* Nunito-ExtraBold.ttf */ = {isa = PBXFileReference; lastKnownFileType = file; path = "Nunito-ExtraBold.ttf"; sourceTree = "<group>"; };
		D47C77A6633BC0ABEB217D20 /* TinyTrackParty.app */ = {isa = PBXFileReference; includeInIndex = 0; lastKnownFileType = wrapper.application; path = TinyTrackParty.app; sourceTree = BUILT_PRODUCTS_DIR; };
		D6B4FD9D0E70863E08F4EF33 /* Tokens.swift */ = {isa = PBXFileReference; lastKnownFileType = sourcecode.swift; path = Tokens.swift; sourceTree = "<group>"; };
		DC6BA8A81913B4A64731104E /* libimage.xcframework */ = {isa = PBXFileReference; lastKnownFileType = wrapper.xcframework; name = libimage.xcframework; path = "../../../../../../Projects/filament/out/tvos-release/filament/lib/libimage.xcframework"; sourceTree = "<group>"; };
		DCDE8EEE3590B5CC39C23AD0 /* Fredoka-Light.ttf */ = {isa = PBXFileReference; lastKnownFileType = file; path = "Fredoka-Light.ttf"; sourceTree = "<group>"; };
		DFCE35222A4B98E7585396C0 /* libbasis_transcoder.xcframework */ = {isa = PBXFileReference; lastKnownFileType = wrapper.xcframework; name = libbasis_transcoder.xcframework; path = "../../../../../../Projects/filament/out/tvos-release/filament/lib/libbasis_transcoder.xcframework"; sourceTree = "<group>"; };
		E5C0F2A76304CA52CBF196B4 /* LobbyView.swift */ = {isa = PBXFileReference; lastKnownFileType = sourcecode.swift; path = LobbyView.swift; sourceTree = "<group>"; };
		E6E909D85FD394ACE40CD5F1 /* QRCode.swift */ = {isa = PBXFileReference; lastKnownFileType = sourcecode.swift; path = QRCode.swift; sourceTree = "<group>"; };
		E8D31FDEF20DDEF118AFB3C3 /* libfilament.xcframework */ = {isa = PBXFileReference; lastKnownFileType = wrapper.xcframework; name = libfilament.xcframework; path = "../../../../../../Projects/filament/out/tvos-release/filament/lib/libfilament.xcframework"; sourceTree = "<group>"; };
		ED7FA81E6748B519540889FA /* GameState.swift */ = {isa = PBXFileReference; lastKnownFileType = sourcecode.swift; path = GameState.swift; sourceTree = "<group>"; };
		EF8EFF1A895ED6556F02FFC2 /* libuberzlib.xcframework */ = {isa = PBXFileReference; lastKnownFileType = wrapper.xcframework; name = libuberzlib.xcframework; path = "../../../../../../Projects/filament/out/tvos-release/filament/lib/libuberzlib.xcframework"; sourceTree = "<group>"; };
		F1E4CB8A5FA02B3789236183 /* Schematic.swift */ = {isa = PBXFileReference; lastKnownFileType = sourcecode.swift; path = Schematic.swift; sourceTree = "<group>"; };
		F3547840093C6E7485D00C3A /* DisplayHost.swift */ = {isa = PBXFileReference; lastKnownFileType = sourcecode.swift; path = DisplayHost.swift; sourceTree = "<group>"; };
		F774821132A861AFF6FB6046 /* CountdownView.swift */ = {isa = PBXFileReference; lastKnownFileType = sourcecode.swift; path = CountdownView.swift; sourceTree = "<group>"; };
		F9501316960D05C98C75720A /* assets */ = {isa = PBXFileReference; lastKnownFileType = folder; name = assets; path = Generated/assets; sourceTree = SOURCE_ROOT; };
		F99D796F2A81222139EB1350 /* RaceFlowPerformer.swift */ = {isa = PBXFileReference; lastKnownFileType = sourcecode.swift; path = RaceFlowPerformer.swift; sourceTree = "<group>"; };
		FE8BC86D89B5659B9C80DCB6 /* ShotScenarios.swift */ = {isa = PBXFileReference; lastKnownFileType = sourcecode.swift; path = ShotScenarios.swift; sourceTree = "<group>"; };
		FEA3C072A16E94A9A74F2C4D /* GameCoordinator+Lobby.swift */ = {isa = PBXFileReference; lastKnownFileType = sourcecode.swift; path = "GameCoordinator+Lobby.swift"; sourceTree = "<group>"; };
/* End PBXFileReference section */

/* Begin PBXFrameworksBuildPhase section */
		4E8A8978FEA8FE1339B5CFDE /* Frameworks */ = {
			isa = PBXFrameworksBuildPhase;
			buildActionMask = 2147483647;
			files = (
				778214F05DBA966380010B56 /* Metal.framework in Frameworks */,
				09A01C10C420506352811DE2 /* MetalKit.framework in Frameworks */,
				28F68D2F6FC47DFA93DE8024 /* QuartzCore.framework in Frameworks */,
				D725A57A7CEA9EB70CAF0EC6 /* UIKit.framework in Frameworks */,
				4DAE8CFE8478C3B53DC32D61 /* Foundation.framework in Frameworks */,
				2D706F0E27B7CDB37585DE34 /* CoreGraphics.framework in Frameworks */,
				47798D1FF4B36D49E71EE05A /* CoreVideo.framework in Frameworks */,
				B69F596FCE4AB39A24CCC1E2 /* CoreImage.framework in Frameworks */,
				BDED7D674087B83DE4197B09 /* AVFoundation.framework in Frameworks */,
				406AB95C279AA8202A5DD10E /* libfilament.xcframework in Frameworks */,
				2F3131FB7B0797DE9C8128E2 /* libbackend.xcframework in Frameworks */,
				C2D0DC0EBE93DE2087C7122C /* libfilaflat.xcframework in Frameworks */,
				85BF7ED4585B81529937E3F5 /* libfilabridge.xcframework in Frameworks */,
				C5E92FFA87A7C5429475EA01 /* libutils.xcframework in Frameworks */,
				4E1185B5F3DE52FC1A0EC1DE /* libsmol-v.xcframework in Frameworks */,
				74E4DF09CB1968C1408BF138 /* libgeometry.xcframework in Frameworks */,
				ECFA31BE883E339ACA77BAF1 /* libibl.xcframework in Frameworks */,
				1A9BEEC0997D91D9DB824961 /* libktxreader.xcframework in Frameworks */,
				C87546D742370928E73CC32F /* libabseil.xcframework in Frameworks */,
				7804A68523B991D95DC0B314 /* libzstd.xcframework in Frameworks */,
				3F87125F01F409577095D045 /* libgltfio_core.xcframework in Frameworks */,
				7A592B69432FA9F10E032F4E /* libuberarchive.xcframework in Frameworks */,
				437DCF873196EF3B608A2BDF /* libuberzlib.xcframework in Frameworks */,
				302DD2662AD85408A06441C5 /* libimage.xcframework in Frameworks */,
				6AF2EA78E40FABD4DD83F6B9 /* libstb.xcframework in Frameworks */,
				255C84E929124AA7DF730B59 /* libbasis_transcoder.xcframework in Frameworks */,
				3C27CA4F5B1ABE8C88947155 /* libcamutils.xcframework in Frameworks */,
				91DB8F37B9E11B78F570F866 /* libdracodec.xcframework in Frameworks */,
				7BB89A7F8CFE914B593A4234 /* libmeshoptimizer.xcframework in Frameworks */,
				2B6008027354379F38FDDD60 /* libmikktspace.xcframework in Frameworks */,
			);
			runOnlyForDeploymentPostprocessing = 0;
		};
/* End PBXFrameworksBuildPhase section */

/* Begin PBXGroup section */
		0D9DB80B3395236CA4DF70BA /* Frameworks */ = {
			isa = PBXGroup;
			children = (
				3E3E7A39030508788188EC24 /* AVFoundation.framework */,
				7D44A7BA51A3DE9D9F0FF0D9 /* CoreGraphics.framework */,
				5A81E100E7C3ABEAA0A0EFC2 /* CoreImage.framework */,
				CFE03FA1D0AFB3CC7ED2D52C /* CoreVideo.framework */,
				17871737B8E831B94CC5434C /* Foundation.framework */,
				ACE904A9DC8952C412DE0694 /* libabseil.xcframework */,
				4781636FB34DF5612C02CB03 /* libbackend.xcframework */,
				DFCE35222A4B98E7585396C0 /* libbasis_transcoder.xcframework */,
				4942DEF46820E2B51B3C9DBC /* libcamutils.xcframework */,
				0D06716AD960B021A2C84A81 /* libdracodec.xcframework */,
				6EDEE4570F3BAFA8BA6DE642 /* libfilabridge.xcframework */,
				0EF44DF212AE4BEC9CB1E5D8 /* libfilaflat.xcframework */,
				E8D31FDEF20DDEF118AFB3C3 /* libfilament.xcframework */,
				C279C6E61187034AB0FFB2A1 /* libgeometry.xcframework */,
				8065BC4B817C1B51D06B3755 /* libgltfio_core.xcframework */,
				57C71867AE2262EFD350BC56 /* libibl.xcframework */,
				DC6BA8A81913B4A64731104E /* libimage.xcframework */,
				8FF9E02F8C3611F12FFC39AD /* libktxreader.xcframework */,
				8D8DAC2A769F21626768745B /* libmeshoptimizer.xcframework */,
				CEA9A9DA1EDC8A99CD255DAE /* libmikktspace.xcframework */,
				2A051BF5F54A27B3BCAF5A5C /* libsmol-v.xcframework */,
				C3D3BE63D55BB1697D1E3A6B /* libstb.xcframework */,
				237D646C6B3CDEECC92470B1 /* libuberarchive.xcframework */,
				EF8EFF1A895ED6556F02FFC2 /* libuberzlib.xcframework */,
				6A34BC774AA71B1E6F03DEF3 /* libutils.xcframework */,
				AB114CC66611A35312BE4582 /* libzstd.xcframework */,
				B3D3259404912125A7E03EDB /* Metal.framework */,
				08CCE5A44DCD2F3372039786 /* MetalKit.framework */,
				72351EA2029617350BE674EC /* QuartzCore.framework */,
				C74EB029BBBA2C7F872653D6 /* UIKit.framework */,
			);
			name = Frameworks;
			sourceTree = "<group>";
		};
		1632E28D478A99F93CBC0EC2 /* Products */ = {
			isa = PBXGroup;
			children = (
				D47C77A6633BC0ABEB217D20 /* TinyTrackParty.app */,
				796440C461789EB5680ACF7E /* TinyTrackPartyShots.xctest */,
			);
			name = Products;
			sourceTree = "<group>";
		};
		18043904F3AE4027DE182A98 /* Assets */ = {
			isa = PBXGroup;
			children = (
				CC134C4218442BC4727C8A7B /* AssetStore.swift */,
				2C315FBABA4B17EE3476082A /* SceneStaging.swift */,
			);
			path = Assets;
			sourceTree = "<group>";
		};
		1DCF565510D010A088EFC0EE /* Harness */ = {
			isa = PBXGroup;
			children = (
				923C582DCA075D0516A80A7A /* Scenarios.swift */,
			);
			path = Harness;
			sourceTree = "<group>";
		};
		2CB777E299D22F329DEFACDF = {
			isa = PBXGroup;
			children = (
				879E1460DC980F18B158F1C2 /* Generated */,
				3ED5B17905432EBFB3CD196E /* TinyTrackParty */,
				319854BF61A6C2A2BB524F12 /* TinyTrackPartyUITests */,
				0D9DB80B3395236CA4DF70BA /* Frameworks */,
				1632E28D478A99F93CBC0EC2 /* Products */,
			);
			sourceTree = "<group>";
		};
		319854BF61A6C2A2BB524F12 /* TinyTrackPartyUITests */ = {
			isa = PBXGroup;
			children = (
				59FCD3C5FCD34F7119B2744A /* ShotTests.swift */,
			);
			path = TinyTrackPartyUITests;
			sourceTree = "<group>";
		};
		3ED5B17905432EBFB3CD196E /* TinyTrackParty */ = {
			isa = PBXGroup;
			children = (
				5B88C607CD89CE3500B8F18B /* App */,
				18043904F3AE4027DE182A98 /* Assets */,
				42CC9EA2AF641E6CEE15F600 /* Audio */,
				9627CA75DE856D7434EB8AFF /* Bridge */,
				1DCF565510D010A088EFC0EE /* Harness */,
				9D994556461FB1E084CC35F1 /* Net */,
				6AE478A6EA845C60F21B2D30 /* Render */,
				E3A70AA230B237AE7E04AC64 /* Resources */,
				CB02E4FCDE4EC6ADF50E3060 /* Screens */,
				7191E0F66567B81A7A01E564 /* Theme */,
			);
			path = TinyTrackParty;
			sourceTree = "<group>";
		};
		42CC9EA2AF641E6CEE15F600 /* Audio */ = {
			isa = PBXGroup;
			children = (
				ABB83516388083CF2FB94B13 /* AudioDevice.swift */,
				5385D51AD6F0ACC79095FB2D /* CueBank.swift */,
			);
			path = Audio;
			sourceTree = "<group>";
		};
		5B88C607CD89CE3500B8F18B /* App */ = {
			isa = PBXGroup;
			children = (
				5E043EBBCB374C4E68264452 /* Copy.swift */,
				CBB8B43D2C1F0EBC4F46E123 /* GameCoordinator.swift */,
				FEA3C072A16E94A9A74F2C4D /* GameCoordinator+Lobby.swift */,
				6E14910378F0BC1843AC388D /* GameCoordinator+Net.swift */,
				CE9402C80648CCFB361F75BC /* GameCoordinator+Race.swift */,
				ED7FA81E6748B519540889FA /* GameState.swift */,
				17E04F93D962C11809F93BF9 /* LobbyDemo.swift */,
				F99D796F2A81222139EB1350 /* RaceFlowPerformer.swift */,
			);
			path = App;
			sourceTree = "<group>";
		};
		6AE478A6EA845C60F21B2D30 /* Render */ = {
			isa = PBXGroup;
			children = (
				F3547840093C6E7485D00C3A /* DisplayHost.swift */,
				93F14E8E5C05ECBBC4CF95ED /* MetalHostView.swift */,
				B477556CC3321EC17A16BED1 /* PerfOverlay.swift */,
			);
			path = Render;
			sourceTree = "<group>";
		};
		7191E0F66567B81A7A01E564 /* Theme */ = {
			isa = PBXGroup;
			children = (
				4C3DDFEE0EAA4397FEB0EF93 /* Fonts.swift */,
				BE2BCB6A4D8A2A6848ECC3D4 /* Sticker.swift */,
				D6B4FD9D0E70863E08F4EF33 /* Tokens.swift */,
			);
			path = Theme;
			sourceTree = "<group>";
		};
		879E1460DC980F18B158F1C2 /* Generated */ = {
			isa = PBXGroup;
			children = (
				F9501316960D05C98C75720A /* assets */,
				FE8BC86D89B5659B9C80DCB6 /* ShotScenarios.swift */,
			);
			path = Generated;
			sourceTree = "<group>";
		};
		9627CA75DE856D7434EB8AFF /* Bridge */ = {
			isa = PBXGroup;
			children = (
				98148FC69682F5204756AC98 /* TinyTrackParty-Bridging-Header.h */,
				8CF661EC581FDCAB33596193 /* TTP.swift */,
			);
			path = Bridge;
			sourceTree = "<group>";
		};
		9D994556461FB1E084CC35F1 /* Net */ = {
			isa = PBXGroup;
			children = (
				A3858389B3DC67BEBF46137E /* PartyNet.swift */,
				ACC2CD1AD17C465B4B241DE2 /* Protocol.swift */,
				59D30553E60486D20CD0F351 /* RelaySocket.swift */,
			);
			path = Net;
			sourceTree = "<group>";
		};
		CB02E4FCDE4EC6ADF50E3060 /* Screens */ = {
			isa = PBXGroup;
			children = (
				62668BEB78518BCBAF88B206 /* CarThumbnail.swift */,
				F774821132A861AFF6FB6046 /* CountdownView.swift */,
				E5C0F2A76304CA52CBF196B4 /* LobbyView.swift */,
				E6E909D85FD394ACE40CD5F1 /* QRCode.swift */,
				8EA14F20E0C6AF2FD3CE5CD9 /* RaceHUDView.swift */,
				9EA4AB2EB228389A6CE89D60 /* ResultsView.swift */,
				7A8A0DF9BF4F1F4E9081490A /* RootView.swift */,
				F1E4CB8A5FA02B3789236183 /* Schematic.swift */,
			);
			path = Screens;
			sourceTree = "<group>";
		};
		E3A70AA230B237AE7E04AC64 /* Resources */ = {
			isa = PBXGroup;
			children = (
				A08176C90AB082CFB12F9E53 /* Info.plist */,
				F8F4BAAC7FDAE3B1DC18B58E /* Fonts */,
			);
			path = Resources;
			sourceTree = "<group>";
		};
		F8F4BAAC7FDAE3B1DC18B58E /* Fonts */ = {
			isa = PBXGroup;
			children = (
				B7A19301481BA7EE2AE7481F /* Fredoka-Bold.ttf */,
				DCDE8EEE3590B5CC39C23AD0 /* Fredoka-Light.ttf */,
				044F96A63F564C4AF5C25F0E /* Fredoka-SemiBold.ttf */,
				C1CBD5A97781AE90127D538D /* Nunito-Bold.ttf */,
				D4319234AFF28DA628249C8F /* Nunito-ExtraBold.ttf */,
				C23251F7FBA3AA3DC06F5D54 /* Nunito-ExtraLight.ttf */,
				74EF414977C1F0C3B596E3F4 /* Nunito-Light.ttf */,
				2260BFA21437AC5C076E4136 /* Nunito-SemiBold.ttf */,
				C9FB225D979C378C8A27A2B4 /* OFL-Fredoka.txt */,
				547F913C1A67AB79920C7978 /* OFL-Nunito.txt */,
			);
			path = Fonts;
			sourceTree = "<group>";
		};
/* End PBXGroup section */

/* Begin PBXNativeTarget section */
		6355D6A26432746EDEC2700A /* TinyTrackParty */ = {
			isa = PBXNativeTarget;
			buildConfigurationList = B19F10B26CB8A5BD2451CD0E /* Build configuration list for PBXNativeTarget "TinyTrackParty" */;
			buildPhases = (
				CEEC20482DCD685A49D5E60E /* Sources */,
				2A2FB9936C3DB08F2B2B65A7 /* Resources */,
				4E8A8978FEA8FE1339B5CFDE /* Frameworks */,
			);
			buildRules = (
			);
			dependencies = (
			);
			name = TinyTrackParty;
			packageProductDependencies = (
			);
			productName = TinyTrackParty;
			productReference = D47C77A6633BC0ABEB217D20 /* TinyTrackParty.app */;
			productType = "com.apple.product-type.application";
		};
		C30E1FE3244D2DD3B88AA35F /* TinyTrackPartyShots */ = {
			isa = PBXNativeTarget;
			buildConfigurationList = 9DD1FB26A44493C036A782ED /* Build configuration list for PBXNativeTarget "TinyTrackPartyShots" */;
			buildPhases = (
				6F694B16D32D4BB668FA2DA6 /* Sources */,
			);
			buildRules = (
			);
			dependencies = (
				AEFAA6042B866B08349BACB6 /* PBXTargetDependency */,
			);
			name = TinyTrackPartyShots;
			packageProductDependencies = (
			);
			productName = TinyTrackPartyShots;
			productReference = 796440C461789EB5680ACF7E /* TinyTrackPartyShots.xctest */;
			productType = "com.apple.product-type.bundle.ui-testing";
		};
/* End PBXNativeTarget section */

/* Begin PBXProject section */
		1C4C5B9C22EFEB6F95A4308F /* Project object */ = {
			isa = PBXProject;
			attributes = {
				BuildIndependentTargetsInParallel = YES;
				LastUpgradeCheck = 1430;
				TargetAttributes = {
					C30E1FE3244D2DD3B88AA35F = {
						TestTargetID = 6355D6A26432746EDEC2700A;
					};
				};
			};
			buildConfigurationList = 585FBE2AA7428BB312BACB4E /* Build configuration list for PBXProject "TinyTrackParty" */;
			developmentRegion = en;
			hasScannedForEncodings = 0;
			knownRegions = (
				Base,
				en,
			);
			mainGroup = 2CB777E299D22F329DEFACDF;
			minimizedProjectReferenceProxies = 1;
			preferredProjectObjectVersion = 77;
			productRefGroup = 1632E28D478A99F93CBC0EC2 /* Products */;
			projectDirPath = "";
			projectRoot = "";
			targets = (
				6355D6A26432746EDEC2700A /* TinyTrackParty */,
				C30E1FE3244D2DD3B88AA35F /* TinyTrackPartyShots */,
			);
		};
/* End PBXProject section */

/* Begin PBXResourcesBuildPhase section */
		2A2FB9936C3DB08F2B2B65A7 /* Resources */ = {
			isa = PBXResourcesBuildPhase;
			buildActionMask = 2147483647;
			files = (
				5875E6D8F6E8653FF22E5AF3 /* Fredoka-Bold.ttf in Resources */,
				AC038A72183A85E6D4358819 /* Fredoka-Light.ttf in Resources */,
				F99E831E4A0B2F1CD9A47F0A /* Fredoka-SemiBold.ttf in Resources */,
				3B786B17D284801F72AAB0C6 /* Nunito-Bold.ttf in Resources */,
				1FAEFC5EEE15743ED8692E2F /* Nunito-ExtraBold.ttf in Resources */,
				459C9FA15E427D2AAB3BC809 /* Nunito-ExtraLight.ttf in Resources */,
				841296F203069C2217EAF96D /* Nunito-Light.ttf in Resources */,
				C94C8215888B385636F4143C /* Nunito-SemiBold.ttf in Resources */,
				9F7B1209D54A81FD22C79E5E /* OFL-Fredoka.txt in Resources */,
				FC5BFB36108C2BBE22A48FEF /* OFL-Nunito.txt in Resources */,
				0756C9A688A6D051DC8D7BFE /* assets in Resources */,
			);
			runOnlyForDeploymentPostprocessing = 0;
		};
/* End PBXResourcesBuildPhase section */

/* Begin PBXSourcesBuildPhase section */
		6F694B16D32D4BB668FA2DA6 /* Sources */ = {
			isa = PBXSourcesBuildPhase;
			buildActionMask = 2147483647;
			files = (
				3711A88D7F24C41718CE8D92 /* ShotScenarios.swift in Sources */,
				0ED86956FCA8C07023BE009B /* ShotTests.swift in Sources */,
			);
			runOnlyForDeploymentPostprocessing = 0;
		};
		CEEC20482DCD685A49D5E60E /* Sources */ = {
			isa = PBXSourcesBuildPhase;
			buildActionMask = 2147483647;
			files = (
				EE79AA1A90D08839C03D2053 /* AssetStore.swift in Sources */,
				99D44EA6FCB4987DC7BAB4E8 /* AudioDevice.swift in Sources */,
				03C0A3BD616BADC5C4196198 /* CarThumbnail.swift in Sources */,
				E39F2062757851318AAF82EE /* Copy.swift in Sources */,
				65B231799DB25AC8FC434B71 /* CountdownView.swift in Sources */,
				0BE9038C8E74610791E31E1E /* CueBank.swift in Sources */,
				5EEA332991538295D39A2C31 /* DisplayHost.swift in Sources */,
				29ABAB8ECA92B94D854366CA /* Fonts.swift in Sources */,
				9F422BAA99658D22387236E3 /* GameCoordinator+Lobby.swift in Sources */,
				9EA16B83608797F6A908ED13 /* GameCoordinator+Net.swift in Sources */,
				FC396C30E3A9B5BC252A9437 /* GameCoordinator+Race.swift in Sources */,
				13BB6A75F7E7AED3C2CA0E24 /* GameCoordinator.swift in Sources */,
				8D3B3DD40E297101724459B3 /* GameState.swift in Sources */,
				4A0FC6CCB5CC284B282B6B09 /* LobbyDemo.swift in Sources */,
				D25684B45CA273C4C45B8CBC /* LobbyView.swift in Sources */,
				EA6207CD898231203907CCA7 /* MetalHostView.swift in Sources */,
				5B07712DA6690EDD913DF539 /* PartyNet.swift in Sources */,
				89F964B56836849187FACBEB /* PerfOverlay.swift in Sources */,
				3DED239F70EE212FA3751A33 /* Protocol.swift in Sources */,
				08680EF13E8023F2C613969A /* QRCode.swift in Sources */,
				1F756013E6FD1726BD5AD675 /* RaceFlowPerformer.swift in Sources */,
				18634A583D4A786DC0A23B05 /* RaceHUDView.swift in Sources */,
				D45885D4BC0F7F1CFB0F0C4C /* RelaySocket.swift in Sources */,
				5453F894888D9CB70B747F3E /* ResultsView.swift in Sources */,
				8464787A482FBE41C7731310 /* RootView.swift in Sources */,
				5EDF821688B32E95F81E64E2 /* Scenarios.swift in Sources */,
				5DC7B2488D90FB71097362A8 /* SceneStaging.swift in Sources */,
				2882A9D6F963292D06E55058 /* Schematic.swift in Sources */,
				6451EE4E2D4F6DD224C96338 /* Sticker.swift in Sources */,
				B24BD528B4C54CAE2505D94B /* TTP.swift in Sources */,
				97EBC122ECDDBFCCC52C43F2 /* Tokens.swift in Sources */,
			);
			runOnlyForDeploymentPostprocessing = 0;
		};
/* End PBXSourcesBuildPhase section */

/* Begin PBXTargetDependency section */
		AEFAA6042B866B08349BACB6 /* PBXTargetDependency */ = {
			isa = PBXTargetDependency;
			target = 6355D6A26432746EDEC2700A /* TinyTrackParty */;
			targetProxy = 93D61CF53AC2982F64E36920 /* PBXContainerItemProxy */;
		};
/* End PBXTargetDependency section */

/* Begin XCBuildConfiguration section */
		1393E8D179B4C45AAC7DBE96 /* Release */ = {
			isa = XCBuildConfiguration;
			buildSettings = {
				ALWAYS_SEARCH_USER_PATHS = NO;
				CLANG_ANALYZER_NONNULL = YES;
				CLANG_ANALYZER_NUMBER_OBJECT_CONVERSION = YES_AGGRESSIVE;
				CLANG_CXX_LANGUAGE_STANDARD = "c++20";
				CLANG_CXX_LIBRARY = "libc++";
				CLANG_ENABLE_MODULES = YES;
				CLANG_ENABLE_OBJC_ARC = YES;
				CLANG_ENABLE_OBJC_WEAK = YES;
				CLANG_WARN_BLOCK_CAPTURE_AUTORELEASING = YES;
				CLANG_WARN_BOOL_CONVERSION = YES;
				CLANG_WARN_COMMA = YES;
				CLANG_WARN_CONSTANT_CONVERSION = YES;
				CLANG_WARN_DEPRECATED_OBJC_IMPLEMENTATIONS = YES;
				CLANG_WARN_DIRECT_OBJC_ISA_USAGE = YES_ERROR;
				CLANG_WARN_DOCUMENTATION_COMMENTS = YES;
				CLANG_WARN_EMPTY_BODY = YES;
				CLANG_WARN_ENUM_CONVERSION = YES;
				CLANG_WARN_INFINITE_RECURSION = YES;
				CLANG_WARN_INT_CONVERSION = YES;
				CLANG_WARN_NON_LITERAL_NULL_CONVERSION = YES;
				CLANG_WARN_OBJC_IMPLICIT_RETAIN_SELF = YES;
				CLANG_WARN_OBJC_LITERAL_CONVERSION = YES;
				CLANG_WARN_OBJC_ROOT_CLASS = YES_ERROR;
				CLANG_WARN_QUOTED_INCLUDE_IN_FRAMEWORK_HEADER = YES;
				CLANG_WARN_RANGE_LOOP_ANALYSIS = YES;
				CLANG_WARN_STRICT_PROTOTYPES = YES;
				CLANG_WARN_SUSPICIOUS_MOVE = YES;
				CLANG_WARN_UNGUARDED_AVAILABILITY = YES_AGGRESSIVE;
				CLANG_WARN_UNREACHABLE_CODE = YES;
				CLANG_WARN__DUPLICATE_METHOD_MATCH = YES;
				COPY_PHASE_STRIP = NO;
				DEBUG_INFORMATION_FORMAT = "dwarf-with-dsym";
				ENABLE_BITCODE = NO;
				ENABLE_NS_ASSERTIONS = NO;
				ENABLE_STRICT_OBJC_MSGSEND = YES;
				FILAMENT_XC_INSTALL = "$(HOME)/Projects/filament/out/tvos-release/filament";
				GCC_C_LANGUAGE_STANDARD = gnu11;
				GCC_NO_COMMON_BLOCKS = YES;
				GCC_WARN_64_TO_32_BIT_CONVERSION = YES;
				GCC_WARN_ABOUT_RETURN_TYPE = YES_ERROR;
				GCC_WARN_UNDECLARED_SELECTOR = YES;
				GCC_WARN_UNINITIALIZED_AUTOS = YES_AGGRESSIVE;
				GCC_WARN_UNUSED_FUNCTION = YES;
				GCC_WARN_UNUSED_VARIABLE = YES;
				MTL_ENABLE_DEBUG_INFO = NO;
				MTL_FAST_MATH = YES;
				PRODUCT_NAME = "$(TARGET_NAME)";
				SDKROOT = appletvos;
				SWIFT_COMPILATION_MODE = wholemodule;
				SWIFT_OPTIMIZATION_LEVEL = "-O";
				SWIFT_VERSION = 5.0;
				TVOS_DEPLOYMENT_TARGET = 17.0;
			};
			name = Release;
		};
		2A3910DF0867DE3A491D756D /* Release */ = {
			isa = XCBuildConfiguration;
			buildSettings = {
				ASSETCATALOG_COMPILER_APPICON_NAME = "App Icon & Top Shelf Image";
				ASSETCATALOG_COMPILER_LAUNCHIMAGE_NAME = LaunchImage;
				FRAMEWORK_SEARCH_PATHS = (
					"$(inherited)",
					"\"/Users/tim/Projects/filament/out/tvos-release/filament/lib\"",
				);
				HEADER_SEARCH_PATHS = (
					"$(SRCROOT)/../../native/runtime",
					"$(SRCROOT)/../../native/libttp-runtime",
					"$(SRCROOT)/../../native/renderer/include",
					"$(FILAMENT_XC_INSTALL)/include",
				);
				INFOPLIST_FILE = TinyTrackParty/Resources/Info.plist;
				LD_RUNPATH_SEARCH_PATHS = (
					"$(inherited)",
					"@executable_path/Frameworks",
				);
				LIBRARY_SEARCH_PATHS = (
					"$(SRCROOT)/../../native/build/tvos-$(PLATFORM_NAME)",
				);
				OTHER_LDFLAGS = (
					"-lttp_runtime_tvos",
					"-lttp_renderer",
					"-llibttp_sim",
					"-llibttp_party",
					"-llibttp_track",
					"-llibttp_json",
					"-lttp_mathlib",
					"-lttp_double_conversion",
					"-lc++",
				);
				PRODUCT_BUNDLE_IDENTIFIER = com.couchgames.tinytrackparty;
				SDKROOT = appletvos;
				SWIFT_OBJC_BRIDGING_HEADER = "$(SRCROOT)/TinyTrackParty/Bridge/TinyTrackParty-Bridging-Header.h";
				TARGETED_DEVICE_FAMILY = 3;
			};
			name = Release;
		};
		591FA842C10BAE2EB018D6F4 /* Debug */ = {
			isa = XCBuildConfiguration;
			buildSettings = {
				BUNDLE_LOADER = "$(TEST_HOST)";
				GENERATE_INFOPLIST_FILE = YES;
				LD_RUNPATH_SEARCH_PATHS = (
					"$(inherited)",
					"@executable_path/Frameworks",
					"@loader_path/Frameworks",
				);
				PRODUCT_BUNDLE_IDENTIFIER = com.couchgames.tinytrackparty.shots;
				SDKROOT = appletvos;
				TARGETED_DEVICE_FAMILY = 3;
				TEST_TARGET_NAME = TinyTrackParty;
			};
			name = Debug;
		};
		5D2CDD9DB6274F7E07A5DD0C /* Release */ = {
			isa = XCBuildConfiguration;
			buildSettings = {
				BUNDLE_LOADER = "$(TEST_HOST)";
				GENERATE_INFOPLIST_FILE = YES;
				LD_RUNPATH_SEARCH_PATHS = (
					"$(inherited)",
					"@executable_path/Frameworks",
					"@loader_path/Frameworks",
				);
				PRODUCT_BUNDLE_IDENTIFIER = com.couchgames.tinytrackparty.shots;
				SDKROOT = appletvos;
				TARGETED_DEVICE_FAMILY = 3;
				TEST_TARGET_NAME = TinyTrackParty;
			};
			name = Release;
		};
		71D0B527D19F65AE29CDF5C6 /* Debug */ = {
			isa = XCBuildConfiguration;
			buildSettings = {
				ALWAYS_SEARCH_USER_PATHS = NO;
				CLANG_ANALYZER_NONNULL = YES;
				CLANG_ANALYZER_NUMBER_OBJECT_CONVERSION = YES_AGGRESSIVE;
				CLANG_CXX_LANGUAGE_STANDARD = "c++20";
				CLANG_CXX_LIBRARY = "libc++";
				CLANG_ENABLE_MODULES = YES;
				CLANG_ENABLE_OBJC_ARC = YES;
				CLANG_ENABLE_OBJC_WEAK = YES;
				CLANG_WARN_BLOCK_CAPTURE_AUTORELEASING = YES;
				CLANG_WARN_BOOL_CONVERSION = YES;
				CLANG_WARN_COMMA = YES;
				CLANG_WARN_CONSTANT_CONVERSION = YES;
				CLANG_WARN_DEPRECATED_OBJC_IMPLEMENTATIONS = YES;
				CLANG_WARN_DIRECT_OBJC_ISA_USAGE = YES_ERROR;
				CLANG_WARN_DOCUMENTATION_COMMENTS = YES;
				CLANG_WARN_EMPTY_BODY = YES;
				CLANG_WARN_ENUM_CONVERSION = YES;
				CLANG_WARN_INFINITE_RECURSION = YES;
				CLANG_WARN_INT_CONVERSION = YES;
				CLANG_WARN_NON_LITERAL_NULL_CONVERSION = YES;
				CLANG_WARN_OBJC_IMPLICIT_RETAIN_SELF = YES;
				CLANG_WARN_OBJC_LITERAL_CONVERSION = YES;
				CLANG_WARN_OBJC_ROOT_CLASS = YES_ERROR;
				CLANG_WARN_QUOTED_INCLUDE_IN_FRAMEWORK_HEADER = YES;
				CLANG_WARN_RANGE_LOOP_ANALYSIS = YES;
				CLANG_WARN_STRICT_PROTOTYPES = YES;
				CLANG_WARN_SUSPICIOUS_MOVE = YES;
				CLANG_WARN_UNGUARDED_AVAILABILITY = YES_AGGRESSIVE;
				CLANG_WARN_UNREACHABLE_CODE = YES;
				CLANG_WARN__DUPLICATE_METHOD_MATCH = YES;
				COPY_PHASE_STRIP = NO;
				DEBUG_INFORMATION_FORMAT = dwarf;
				ENABLE_BITCODE = NO;
				ENABLE_STRICT_OBJC_MSGSEND = YES;
				ENABLE_TESTABILITY = YES;
				FILAMENT_XC_INSTALL = "$(HOME)/Projects/filament/out/tvos-release/filament";
				GCC_C_LANGUAGE_STANDARD = gnu11;
				GCC_DYNAMIC_NO_PIC = NO;
				GCC_NO_COMMON_BLOCKS = YES;
				GCC_OPTIMIZATION_LEVEL = 0;
				GCC_PREPROCESSOR_DEFINITIONS = (
					"$(inherited)",
					"DEBUG=1",
				);
				GCC_WARN_64_TO_32_BIT_CONVERSION = YES;
				GCC_WARN_ABOUT_RETURN_TYPE = YES_ERROR;
				GCC_WARN_UNDECLARED_SELECTOR = YES;
				GCC_WARN_UNINITIALIZED_AUTOS = YES_AGGRESSIVE;
				GCC_WARN_UNUSED_FUNCTION = YES;
				GCC_WARN_UNUSED_VARIABLE = YES;
				MTL_ENABLE_DEBUG_INFO = INCLUDE_SOURCE;
				MTL_FAST_MATH = YES;
				ONLY_ACTIVE_ARCH = YES;
				PRODUCT_NAME = "$(TARGET_NAME)";
				SDKROOT = appletvos;
				SWIFT_ACTIVE_COMPILATION_CONDITIONS = DEBUG;
				SWIFT_OPTIMIZATION_LEVEL = "-Onone";
				SWIFT_VERSION = 5.0;
				TVOS_DEPLOYMENT_TARGET = 17.0;
			};
			name = Debug;
		};
		7F2034B73B914D7778A6A49E /* Debug */ = {
			isa = XCBuildConfiguration;
			buildSettings = {
				ASSETCATALOG_COMPILER_APPICON_NAME = "App Icon & Top Shelf Image";
				ASSETCATALOG_COMPILER_LAUNCHIMAGE_NAME = LaunchImage;
				FRAMEWORK_SEARCH_PATHS = (
					"$(inherited)",
					"\"/Users/tim/Projects/filament/out/tvos-release/filament/lib\"",
				);
				HEADER_SEARCH_PATHS = (
					"$(SRCROOT)/../../native/runtime",
					"$(SRCROOT)/../../native/libttp-runtime",
					"$(SRCROOT)/../../native/renderer/include",
					"$(FILAMENT_XC_INSTALL)/include",
				);
				INFOPLIST_FILE = TinyTrackParty/Resources/Info.plist;
				LD_RUNPATH_SEARCH_PATHS = (
					"$(inherited)",
					"@executable_path/Frameworks",
				);
				LIBRARY_SEARCH_PATHS = (
					"$(SRCROOT)/../../native/build/tvos-$(PLATFORM_NAME)",
				);
				OTHER_LDFLAGS = (
					"-lttp_runtime_tvos",
					"-lttp_renderer",
					"-llibttp_sim",
					"-llibttp_party",
					"-llibttp_track",
					"-llibttp_json",
					"-lttp_mathlib",
					"-lttp_double_conversion",
					"-lc++",
				);
				PRODUCT_BUNDLE_IDENTIFIER = com.couchgames.tinytrackparty;
				SDKROOT = appletvos;
				SWIFT_OBJC_BRIDGING_HEADER = "$(SRCROOT)/TinyTrackParty/Bridge/TinyTrackParty-Bridging-Header.h";
				TARGETED_DEVICE_FAMILY = 3;
			};
			name = Debug;
		};
/* End XCBuildConfiguration section */

/* Begin XCConfigurationList section */
		585FBE2AA7428BB312BACB4E /* Build configuration list for PBXProject "TinyTrackParty" */ = {
			isa = XCConfigurationList;
			buildConfigurations = (
				71D0B527D19F65AE29CDF5C6 /* Debug */,
				1393E8D179B4C45AAC7DBE96 /* Release */,
			);
			defaultConfigurationIsVisible = 0;
			defaultConfigurationName = Debug;
		};
		9DD1FB26A44493C036A782ED /* Build configuration list for PBXNativeTarget "TinyTrackPartyShots" */ = {
			isa = XCConfigurationList;
			buildConfigurations = (
				591FA842C10BAE2EB018D6F4 /* Debug */,
				5D2CDD9DB6274F7E07A5DD0C /* Release */,
			);
			defaultConfigurationIsVisible = 0;
			defaultConfigurationName = Debug;
		};
		B19F10B26CB8A5BD2451CD0E /* Build configuration list for PBXNativeTarget "TinyTrackParty" */ = {
			isa = XCConfigurationList;
			buildConfigurations = (
				7F2034B73B914D7778A6A49E /* Debug */,
				2A3910DF0867DE3A491D756D /* Release */,
			);
			defaultConfigurationIsVisible = 0;
			defaultConfigurationName = Debug;
		};
/* End XCConfigurationList section */
	};
	rootObject = 1C4C5B9C22EFEB6F95A4308F /* Project object */;
}
